// !$*UTF8*$!
{
	archiveVersion = 1;
	classes = {
	};
	objectVersion = 46;
	objects = {

/* Begin PBXBuildFile section */
		633209371D92447200A0DD8B /* AppDelegate.swift in Sources */ = {isa = PBXBuildFile; fileRef = 633209361D92447200A0DD8B /* AppDelegate.swift */; };
		633209391D92447200A0DD8B /* ViewController.swift in Sources */ = {isa = PBXBuildFile; fileRef = 633209381D92447200A0DD8B /* ViewController.swift */; };
		6332093C1D92447200A0DD8B /* Main.storyboard in Resources */ = {isa = PBXBuildFile; fileRef = 6332093A1D92447200A0DD8B /* Main.storyboard */; };
		6332093E1D92447200A0DD8B /* Assets.xcassets in Resources */ = {isa = PBXBuildFile; fileRef = 6332093D1D92447200A0DD8B /* Assets.xcassets */; };
		633209411D92447200A0DD8B /* LaunchScreen.storyboard in Resources */ = {isa = PBXBuildFile; fileRef = 6332093F1D92447200A0DD8B /* LaunchScreen.storyboard */; };
		6332094C1D92447300A0DD8B /* MiraclePillTests.swift in Sources */ = {isa = PBXBuildFile; fileRef = 6332094B1D92447300A0DD8B /* MiraclePillTests.swift */; };
		633209571D92447300A0DD8B /* MiraclePillUITests.swift in Sources */ = {isa = PBXBuildFile; fileRef = 633209561D92447300A0DD8B /* MiraclePillUITests.swift */; };
/* End PBXBuildFile section */

/* Begin PBXContainerItemProxy section */
		633209481D92447300A0DD8B /* PBXContainerItemProxy */ = {
			isa = PBXContainerItemProxy;
			containerPortal = 6332092B1D92447200A0DD8B /* Project object */;
			proxyType = 1;
			remoteGlobalIDString = 633209321D92447200A0DD8B;
			remoteInfo = MiraclePill;
		};
		633209531D92447300A0DD8B /* PBXContainerItemProxy */ = {
			isa = PBXContainerItemProxy;
			containerPortal = 6332092B1D92447200A0DD8B /* Project object */;
			proxyType = 1;
			remoteGlobalIDString = 633209321D92447200A0DD8B;
			remoteInfo = MiraclePill;
		};
/* End PBXContainerItemProxy section */

/* Begin PBXFileReference section */
		633209331D92447200A0DD8B /* MiraclePill.app */ = {isa = PBXFileReference; explicitFileType = wrapper.application; includeInIndex = 0; path = MiraclePill.app; sourceTree = BUILT_PRODUCTS_DIR; };
		633209361D92447200A0DD8B /* AppDelegate.swift */ = {isa = PBXFileReference; lastKnownFileType = sourcecode.swift; path = AppDelegate.swift; sourceTree = "<group>"; };
		633209381D92447200A0DD8B /* ViewController.swift */ = {isa = PBXFileReference; lastKnownFileType = sourcecode.swift; path = ViewController.swift; sourceTree = "<group>"; };
		6332093B1D92447200A0DD8B /* Base */ = {isa = PBXFileReference; lastKnownFileType = file.storyboard; name = Base; path = Base.lproj/Main.storyboard; sourceTree = "<group>"; };
		6332093D1D92447200A0DD8B /* Assets.xcassets */ = {isa = PBXFileReference; lastKnownFileType = folder.assetcatalog; path = Assets.xcassets; sourceTree = "<group>"; };
		633209401D92447200A0DD8B /* Base */ = {isa = PBXFileReference; lastKnownFileType = file.storyboard; name = Base; path = Base.lproj/LaunchScreen.storyboard; sourceTree = "<group>"; };
		633209421D92447200A0DD8B /* Info.plist */ = {isa = PBXFileReference; lastKnownFileType = text.plist.xml; path = Info.plist; sourceTree = "<group>"; };
		633209471D92447300A0DD8B /* MiraclePillTests.xctest */ = {isa = PBXFileReference; explicitFileType = wrapper.cfbundle; includeInIndex = 0; path = MiraclePillTests.xctest; sourceTree = BUILT_PRODUCTS_DIR; };
		6332094B1D92447300A0DD8B /* MiraclePillTests.swift */ = {isa = PBXFileReference; lastKnownFileType = sourcecode.swift; path = MiraclePillTests.swift; sourceTree = "<group>"; };
		6332094D1D92447300A0DD8B /* Info.plist */ = {isa = PBXFileReference; lastKnownFileType = text.plist.xml; path = Info.plist; sourceTree = "<group>"; };
		633209521D92447300A0DD8B /* MiraclePillUITests.xctest */ = {isa = PBXFileReference; explicitFileType = wrapper.cfbundle; includeInIndex = 0; path = MiraclePillUITests.xctest; sourceTree = BUILT_PRODUCTS_DIR; };
		633209561D92447300A0DD8B /* MiraclePillUITests.swift */ = {isa = PBXFileReference; lastKnownFileType = sourcecode.swift; path = MiraclePillUITests.swift; sourceTree = "<group>"; };
		633209581D92447300A0DD8B /* Info.plist */ = {isa = PBXFileReference; lastKnownFileType = text.plist.xml; path = Info.plist; sourceTree = "<group>"; };
/* End PBXFileReference section */

/* Begin PBXFrameworksBuildPhase section */
		633209301D92447200A0DD8B /* Frameworks */ = {
			isa = PBXFrameworksBuildPhase;
			buildActionMask = 2147483647;
			files = (
			);
			runOnlyForDeploymentPostprocessing = 0;
		};
		633209441D92447300A0DD8B /* Frameworks */ = {
			isa = PBXFrameworksBuildPhase;
			buildActionMask = 2147483647;
			files = (
			);
			runOnlyForDeploymentPostprocessing = 0;
		};
		6332094F1D92447300A0DD8B /* Frameworks */ = {
			isa = PBXFrameworksBuildPhase;
			buildActionMask = 2147483647;
			files = (
			);
			runOnlyForDeploymentPostprocessing = 0;
		};
/* End PBXFrameworksBuildPhase section */

/* Begin PBXGroup section */
		6332092A1D92447200A0DD8B = {
			isa = PBXGroup;
			children = (
				633209351D92447200A0DD8B /* MiraclePill */,
				6332094A1D92447300A0DD8B /* MiraclePillTests */,
				633209551D92447300A0DD8B /* MiraclePillUITests */,
				633209341D92447200A0DD8B /* Products */,
			);
			sourceTree = "<group>";
		};
		633209341D92447200A0DD8B /* Products */ = {
			isa = PBXGroup;
			children = (
				633209331D92447200A0DD8B /* MiraclePill.app */,
				633209471D92447300A0DD8B /* MiraclePillTests.xctest */,
				633209521D92447300A0DD8B /* MiraclePillUITests.xctest */,
			);
			name = Products;
			sourceTree = "<group>";
		};
		633209351D92447200A0DD8B /* MiraclePill */ = {
			isa = PBXGroup;
			children = (
				633209361D92447200A0DD8B /* AppDelegate.swift */,
				633209381D92447200A0DD8B /* ViewController.swift */,
				6332093A1D92447200A0DD8B /* Main.storyboard */,
				6332093D1D92447200A0DD8B /* Assets.xcassets */,
				6332093F1D92447200A0DD8B /* LaunchScreen.storyboard */,
				633209421D92447200A0DD8B /* Info.plist */,
			);
			path = MiraclePill;
			sourceTree = "<group>";
		};
		6332094A1D92447300A0DD8B /* MiraclePillTests */ = {
			isa = PBXGroup;
			children = (
				6332094B1D92447300A0DD8B /* MiraclePillTests.swift */,
				6332094D1D92447300A0DD8B /* Info.plist */,
			);
			path = MiraclePillTests;
			sourceTree = "<group>";
		};
		633209551D92447300A0DD8B /* MiraclePillUITests */ = {
			isa = PBXGroup;
			children = (
				633209561D92447300A0DD8B /* MiraclePillUITests.swift */,
				633209581D92447300A0DD8B /* Info.plist */,
			);
			path = MiraclePillUITests;
			sourceTree = "<group>";
		};
/* End PBXGroup section */

/* Begin PBXNativeTarget section */
		633209321D92447200A0DD8B /* MiraclePill */ = {
			isa = PBXNativeTarget;
			buildConfigurationList = 6332095B1D92447300A0DD8B /* Build configuration list for PBXNativeTarget "MiraclePill" */;
			buildPhases = (
				6332092F1D92447200A0DD8B /* Sources */,
				633209301D92447200A0DD8B /* Frameworks */,
				633209311D92447200A0DD8B /* Resources */,
			);
			buildRules = (
			);
			dependencies = (
			);
			name = MiraclePill;
			productName = MiraclePill;
			productReference = 633209331D92447200A0DD8B /* MiraclePill.app */;
			productType = "com.apple.product-type.application";
		};
		633209461D92447300A0DD8B /* MiraclePillTests */ = {
			isa = PBXNativeTarget;
			buildConfigurationList = 6332095E1D92447300A0DD8B /* Build configuration list for PBXNativeTarget "MiraclePillTests" */;
			buildPhases = (
				633209431D92447300A0DD8B /* Sources */,
				633209441D92447300A0DD8B /* Frameworks */,
				633209451D92447300A0DD8B /* Resources */,
			);
			buildRules = (
			);
			dependencies = (
				633209491D92447300A0DD8B /* PBXTargetDependency */,
			);
			name = MiraclePillTests;
			productName = MiraclePillTests;
			productReference = 633209471D92447300A0DD8B /* MiraclePillTests.xctest */;
			productType = "com.apple.product-type.bundle.unit-test";
		};
		633209511D92447300A0DD8B /* MiraclePillUITests */ = {
			isa = PBXNativeTarget;
			buildConfigurationList = 633209611D92447300A0DD8B /* Build configuration list for PBXNativeTarget "MiraclePillUITests" */;
			buildPhases = (
				6332094E1D92447300A0DD8B /* Sources */,
				6332094F1D92447300A0DD8B /* Frameworks */,
				633209501D92447300A0DD8B /* Resources */,
			);
			buildRules = (
			);
			dependencies = (
				633209541D92447300A0DD8B /* PBXTargetDependency */,
			);
			name = MiraclePillUITests;
			productName = MiraclePillUITests;
			productReference = 633209521D92447300A0DD8B /* MiraclePillUITests.xctest */;
			productType = "com.apple.product-type.bundle.ui-testing";
		};
/* End PBXNativeTarget section */

/* Begin PBXProject section */
		6332092B1D92447200A0DD8B /* Project object */ = {
			isa = PBXProject;
			attributes = {
				LastSwiftUpdateCheck = 0800;
				LastUpgradeCheck = 0800;
				ORGANIZATIONNAME = "Glendale Acosta";
				TargetAttributes = {
					633209321D92447200A0DD8B = {
						CreatedOnToolsVersion = 8.0;
						ProvisioningStyle = Automatic;
					};
					633209461D92447300A0DD8B = {
						CreatedOnToolsVersion = 8.0;
						ProvisioningStyle = Automatic;
						TestTargetID = 633209321D92447200A0DD8B;
					};
					633209511D92447300A0DD8B = {
						CreatedOnToolsVersion = 8.0;
						ProvisioningStyle = Automatic;
						TestTargetID = 633209321D92447200A0DD8B;
					};
				};
			};
			buildConfigurationList = 6332092E1D92447200A0DD8B /* Build configuration list for PBXProject "MiraclePill" */;
			compatibilityVersion = "Xcode 3.2";
			developmentRegion = English;
			hasScannedForEncodings = 0;
			knownRegions = (
				en,
				Base,
			);
			mainGroup = 6332092A1D92447200A0DD8B;
			productRefGroup = 633209341D92447200A0DD8B /* Products */;
			projectDirPath = "";
			projectRoot = "";
			targets = (
				633209321D92447200A0DD8B /* MiraclePill */,
				633209461D92447300A0DD8B /* MiraclePillTests */,
				633209511D92447300A0DD8B /* MiraclePillUITests */,
			);
		};
/* End PBXProject section */

/* Begin PBXResourcesBuildPhase section */
		633209311D92447200A0DD8B /* Resources */ = {
			isa = PBXResourcesBuildPhase;
			buildActionMask = 2147483647;
			files = (
				633209411D92447200A0DD8B /* LaunchScreen.storyboard in Resources */,
				6332093E1D92447200A0DD8B /* Assets.xcassets in Resources */,
				6332093C1D92447200A0DD8B /* Main.storyboard in Resources */,
			);
			runOnlyForDeploymentPostprocessing = 0;
		};
		633209451D92447300A0DD8B /* Resources */ = {
			isa = PBXResourcesBuildPhase;
			buildActionMask = 2147483647;
			files = (
			);
			runOnlyForDeploymentPostprocessing = 0;
		};
		633209501D92447300A0DD8B /* Resources */ = {
			isa = PBXResourcesBuildPhase;
			buildActionMask = 2147483647;
			files = (
			);
			runOnlyForDeploymentPostprocessing = 0;
		};
/* End PBXResourcesBuildPhase section */

/* Begin PBXSourcesBuildPhase section */
		6332092F1D92447200A0DD8B /* Sources */ = {
			isa = PBXSourcesBuildPhase;
			buildActionMask = 2147483647;
			files = (
				633209391D92447200A0DD8B /* ViewController.swift in Sources */,
				633209371D92447200A0DD8B /* AppDelegate.swift in Sources */,
			);
			runOnlyForDeploymentPostprocessing = 0;
		};
		633209431D92447300A0DD8B /* Sources */ = {
			isa = PBXSourcesBuildPhase;
			buildActionMask = 2147483647;
			files = (
				6332094C1D92447300A0DD8B /* MiraclePillTests.swift in Sources */,
			);
			runOnlyForDeploymentPostprocessing = 0;
		};
		6332094E1D92447300A0DD8B /* Sources */ = {
			isa = PBXSourcesBuildPhase;
			buildActionMask = 2147483647;
			files = (
				633209571D92447300A0DD8B /* MiraclePillUITests.swift in Sources */,
			);
			runOnlyForDeploymentPostprocessing = 0;
		};
/* End PBXSourcesBuildPhase section */

/* Begin PBXTargetDependency section */
		633209491D92447300A0DD8B /* PBXTargetDependency */ = {
			isa = PBXTargetDependency;
			target = 633209321D92447200A0DD8B /* MiraclePill */;
			targetProxy = 633209481D92447300A0DD8B /* PBXContainerItemProxy */;
		};
		633209541D92447300A0DD8B /* PBXTargetDependency */ = {
			isa = PBXTargetDependency;
			target = 633209321D92447200A0DD8B /* MiraclePill */;
			targetProxy = 633209531D92447300A0DD8B /* PBXContainerItemProxy */;
		};
/* End PBXTargetDependency section */

/* Begin PBXVariantGroup section */
		6332093A1D92447200A0DD8B /* Main.storyboard */ = {
			isa = PBXVariantGroup;
			children = (
				6332093B1D92447200A0DD8B /* Base */,
			);
			name = Main.storyboard;
			sourceTree = "<group>";
		};
		6332093F1D92447200A0DD8B /* LaunchScreen.storyboard */ = {
			isa = PBXVariantGroup;
			children = (
				633209401D92447200A0DD8B /* Base */,
			);
			name = LaunchScreen.storyboard;
			sourceTree = "<group>";
		};
/* End PBXVariantGroup section */

/* Begin XCBuildConfiguration section */
		633209591D92447300A0DD8B /* Debug */ = {
			isa = XCBuildConfiguration;
			buildSettings = {
				ALWAYS_SEARCH_USER_PATHS = NO;
				CLANG_ANALYZER_NONNULL = YES;
				CLANG_CXX_LANGUAGE_STANDARD = "gnu++0x";
				CLANG_CXX_LIBRARY = "libc++";
				CLANG_ENABLE_MODULES = YES;
				CLANG_ENABLE_OBJC_ARC = YES;
				CLANG_WARN_BOOL_CONVERSION = YES;
				CLANG_WARN_CONSTANT_CONVERSION = YES;
				CLANG_WARN_DIRECT_OBJC_ISA_USAGE = YES_ERROR;
				CLANG_WARN_DOCUMENTATION_COMMENTS = YES;
				CLANG_WARN_EMPTY_BODY = YES;
				CLANG_WARN_ENUM_CONVERSION = YES;
				CLANG_WARN_INFINITE_RECURSION = YES;
				CLANG_WARN_INT_CONVERSION = YES;
				CLANG_WARN_OBJC_ROOT_CLASS = YES_ERROR;
				CLANG_WARN_SUSPICIOUS_MOVES = YES;
				CLANG_WARN_UNREACHABLE_CODE = YES;
				CLANG_WARN__DUPLICATE_METHOD_MATCH = YES;
				"CODE_SIGN_IDENTITY[sdk=iphoneos*]" = "iPhone Developer";
				COPY_PHASE_STRIP = NO;
				DEBUG_INFORMATION_FORMAT = dwarf;
				ENABLE_STRICT_OBJC_MSGSEND = YES;
				ENABLE_TESTABILITY = YES;
				GCC_C_LANGUAGE_STANDARD = gnu99;
				GCC_DYNAMIC_NO_PIC = NO;
				GCC_NO_COMMON_BLOCKS = YES;
				GCC_OPTIMIZATION_LEVEL = 0;
				GCC_PREPROCESSOR_DEFINITIONS = (
					"DEBUG=1",
					"$(inherited)",
				);
				GCC_WARN_64_TO_32_BIT_CONVERSION = YES;
				GCC_WARN_ABOUT_RETURN_TYPE = YES_ERROR;
				GCC_WARN_UNDECLARED_SELECTOR = YES;
				GCC_WARN_UNINITIALIZED_AUTOS = YES_AGGRESSIVE;
				GCC_WARN_UNUSED_FUNCTION = YES;
				GCC_WARN_UNUSED_VARIABLE = YES;
				IPHONEOS_DEPLOYMENT_TARGET = 10.0;
				MTL_ENABLE_DEBUG_INFO = YES;
				ONLY_ACTIVE_ARCH = YES;
				SDKROOT = iphoneos;
				SWIFT_ACTIVE_COMPILATION_CONDITIONS = DEBUG;
				SWIFT_OPTIMIZATION_LEVEL = "-Onone";
				TARGETED_DEVICE_FAMILY = "1,2";
			};
			name = Debug;
		};
		6332095A1D92447300A0DD8B /* Release */ = {
			isa = XCBuildConfiguration;
			buildSettings = {
				ALWAYS_SEARCH_USER_PATHS = NO;
				CLANG_ANALYZER_NONNULL = YES;
				CLANG_CXX_LANGUAGE_STANDARD = "gnu++0x";
				CLANG_CXX_LIBRARY = "libc++";
				CLANG_ENABLE_MODULES = YES;
				CLANG_ENABLE_OBJC_ARC = YES;
				CLANG_WARN_BOOL_CONVERSION = YES;
				CLANG_WARN_CONSTANT_CONVERSION = YES;
				CLANG_WARN_DIRECT_OBJC_ISA_USAGE = YES_ERROR;
				CLANG_WARN_DOCUMENTATION_COMMENTS = YES;
				CLANG_WARN_EMPTY_BODY = YES;
				CLANG_WARN_ENUM_CONVERSION = YES;
				CLANG_WARN_INFINITE_RECURSION = YES;
				CLANG_WARN_INT_CONVERSION = YES;
				CLANG_WARN_OBJC_ROOT_CLASS = YES_ERROR;
				CLANG_WARN_SUSPICIOUS_MOVES = YES;
				CLANG_WARN_UNREACHABLE_CODE = YES;
				CLANG_WARN__DUPLICATE_METHOD_MATCH = YES;
				"CODE_SIGN_IDENTITY[sdk=iphoneos*]" = "iPhone Developer";
				COPY_PHASE_STRIP = NO;
				DEBUG_INFORMATION_FORMAT = "dwarf-with-dsym";
				ENABLE_NS_ASSERTIONS = NO;
				ENABLE_STRICT_OBJC_MSGSEND = YES;
				GCC_C_LANGUAGE_STANDARD = gnu99;
				GCC_NO_COMMON_BLOCKS = YES;
				GCC_WARN_64_TO_32_BIT_CONVERSION = YES;
				GCC_WARN_ABOUT_RETURN_TYPE = YES_ERROR;
				GCC_WARN_UNDECLARED_SELECTOR = YES;
				GCC_WARN_UNINITIALIZED_AUTOS = YES_AGGRESSIVE;
				GCC_WARN_UNUSED_FUNCTION = YES;
				GCC_WARN_UNUSED_VARIABLE = YES;
				IPHONEOS_DEPLOYMENT_TARGET = 10.0;
				MTL_ENABLE_DEBUG_INFO = NO;
				SDKROOT = iphoneos;
				SWIFT_OPTIMIZATION_LEVEL = "-Owholemodule";
				TARGETED_DEVICE_FAMILY = "1,2";
				VALIDATE_PRODUCT = YES;
			};
			name = Release;
		};
		6332095C1D92447300A0DD8B /* Debug */ = {
			isa = XCBuildConfiguration;
			buildSettings = {
				ASSETCATALOG_COMPILER_APPICON_NAME = AppIcon;
				INFOPLIST_FILE = MiraclePill/Info.plist;
				LD_RUNPATH_SEARCH_PATHS = "$(inherited) @executable_path/Frameworks";
				PRODUCT_BUNDLE_IDENTIFIER = Glendale.MiraclePill;
				PRODUCT_NAME = "$(TARGET_NAME)";
				SWIFT_VERSION = 3.0;
			};
			name = Debug;
		};
		6332095D1D92447300A0DD8B /* Release */ = {
			isa = XCBuildConfiguration;
			buildSettings = {
				ASSETCATALOG_COMPILER_APPICON_NAME = AppIcon;
				INFOPLIST_FILE = MiraclePill/Info.plist;
				LD_RUNPATH_SEARCH_PATHS = "$(inherited) @executable_path/Frameworks";
				PRODUCT_BUNDLE_IDENTIFIER = Glendale.MiraclePill;
				PRODUCT_NAME = "$(TARGET_NAME)";
				SWIFT_VERSION = 3.0;
			};
			name = Release;
		};
		6332095F1D92447300A0DD8B /* Debug */ = {
			isa = XCBuildConfiguration;
			buildSettings = {
				ALWAYS_EMBED_SWIFT_STANDARD_LIBRARIES = YES;
				BUNDLE_LOADER = "$(TEST_HOST)";
				INFOPLIST_FILE = MiraclePillTests/Info.plist;
				LD_RUNPATH_SEARCH_PATHS = "$(inherited) @executable_path/Frameworks @loader_path/Frameworks";
				PRODUCT_BUNDLE_IDENTIFIER = Glendale.MiraclePillTests;
				PRODUCT_NAME = "$(TARGET_NAME)";
				SWIFT_VERSION = 3.0;
				TEST_HOST = "$(BUILT_PRODUCTS_DIR)/MiraclePill.app/MiraclePill";
			};
			name = Debug;
		};
		633209601D92447300A0DD8B /* Release */ = {
			isa = XCBuildConfiguration;
			buildSettings = {
				ALWAYS_EMBED_SWIFT_STANDARD_LIBRARIES = YES;
				BUNDLE_LOADER = "$(TEST_HOST)";
				INFOPLIST_FILE = MiraclePillTests/Info.plist;
				LD_RUNPATH_SEARCH_PATHS = "$(inherited) @executable_path/Frameworks @loader_path/Frameworks";
				PRODUCT_BUNDLE_IDENTIFIER = Glendale.MiraclePillTests;
				PRODUCT_NAME = "$(TARGET_NAME)";
				SWIFT_VERSION = 3.0;
				TEST_HOST = "$(BUILT_PRODUCTS_DIR)/MiraclePill.app/MiraclePill";
			};
			name = Release;
		};
		633209621D92447300A0DD8B /* Debug */ = {
			isa = XCBuildConfiguration;
			buildSettings = {
				ALWAYS_EMBED_SWIFT_STANDARD_LIBRARIES = YES;
				INFOPLIST_FILE = MiraclePillUITests/Info.plist;
				LD_RUNPATH_SEARCH_PATHS = "$(inherited) @executable_path/Frameworks @loader_path/Frameworks";
				PRODUCT_BUNDLE_IDENTIFIER = Glendale.MiraclePillUITests;
				PRODUCT_NAME = "$(TARGET_NAME)";
				SWIFT_VERSION = 3.0;
				TEST_TARGET_NAME = MiraclePill;
			};
			name = Debug;
		};
		633209631D92447300A0DD8B /* Release */ = {
			isa = XCBuildConfiguration;
			buildSettings = {
				ALWAYS_EMBED_SWIFT_STANDARD_LIBRARIES = YES;
				INFOPLIST_FILE = MiraclePillUITests/Info.plist;
				LD_RUNPATH_SEARCH_PATHS = "$(inherited) @executable_path/Frameworks @loader_path/Frameworks";
				PRODUCT_BUNDLE_IDENTIFIER = Glendale.MiraclePillUITests;
				PRODUCT_NAME = "$(TARGET_NAME)";
				SWIFT_VERSION = 3.0;
				TEST_TARGET_NAME = MiraclePill;
			};
			name = Release;
		};
/* End XCBuildConfiguration section */

/* Begin XCConfigurationList section */
		6332092E1D92447200A0DD8B /* Build configuration list for PBXProject "MiraclePill" */ = {
			isa = XCConfigurationList;
			buildConfigurations = (
				633209591D92447300A0DD8B /* Debug */,
				6332095A1D92447300A0DD8B /* Release */,
			);
			defaultConfigurationIsVisible = 0;
			defaultConfigurationName = Release;
		};
		6332095B1D92447300A0DD8B /* Build configuration list for PBXNativeTarget "MiraclePill" */ = {
			isa = XCConfigurationList;
			buildConfigurations = (
				6332095C1D92447300A0DD8B /* Debug */,
				6332095D1D92447300A0DD8B /* Release */,
			);
			defaultConfigurationIsVisible = 0;
		};
		6332095E1D92447300A0DD8B /* Build configuration list for PBXNativeTarget "MiraclePillTests" */ = {
			isa = XCConfigurationList;
			buildConfigurations = (
				6332095F1D92447300A0DD8B /* Debug */,
				633209601D92447300A0DD8B /* Release */,
			);
			defaultConfigurationIsVisible = 0;
		};
		633209611D92447300A0DD8B /* Build configuration list for PBXNativeTarget "MiraclePillUITests" */ = {
			isa = XCConfigurationList;
			buildConfigurations = (
				633209621D92447300A0DD8B /* Debug */,
				633209631D92447300A0DD8B /* Release */,
			);
			defaultConfigurationIsVisible = 0;
		};
/* End XCConfigurationList section */
	};
	rootObject = 6332092B1D92447200A0DD8B /* Project object */;
}
